# This file is automatically @generated by Cargo.
# It is not intended for manual editing.
version = 3

[[package]]
name = "advent-of-code-2015-day01"
version = "0.1.0"

[[package]]
name = "advent-of-code-2015-day02"
version = "0.1.0"

[[package]]
name = "advent-of-code-2015-day03"
version = "0.1.0"
